
Microsoft Visual Studio Solution File, Format Version 12.00
# Visual Studio Version 17
VisualStudioVersion = 17.14.37614.0
MinimumVisualStudioVersion = 10.0.40219.1
Project("{FAE04EC0-301F-11D3-BF4B-00C04F79EFBC}") = "I am bored", "I am bored\I am bored.csproj", "{D8B4AE08-8DAC-4569-B224-D91102954EA5}"
EndProject
Project("{FAE04EC0-301F-11D3-BF4B-00C04F79EFBC}") = "GithubHomePage", "GithubHomePage\GithubHomePage.csproj", "{4BD42022-B007-4AC8-855E-9E22711A7E00}"
EndProject
Global
	GlobalSection(SolutionConfigurationPlatforms) = preSolution
		Debug|Any CPU = Debug|Any CPU
		Release|Any CPU = Release|Any CPU
	EndGlobalSection
	GlobalSection(ProjectConfigurationPlatforms) = postSolution
		{D8B4AE08-8DAC-4569-B224-D91102954EA5}.Debug|Any CPU.ActiveCfg = Debug|Any CPU
		{D8B4AE08-8DAC-4569-B224-D91102954EA5}.Debug|Any CPU.Build.0 = Debug|Any CPU
		{D8B4AE08-8DAC-4569-B224-D91102954EA5}.Release|Any CPU.ActiveCfg = Release|Any CPU
		{D8B4AE08-8DAC-4569-B224-D91102954EA5}.Release|Any CPU.Build.0 = Release|Any CPU
		{4BD42022-B007-4AC8-855E-9E22711A7E00}.Debug|Any CPU.ActiveCfg = Debug|Any CPU
		{4BD42022-B007-4AC8-855E-9E22711A7E00}.Debug|Any CPU.Build.0 = Debug|Any CPU
		{4BD42022-B007-4AC8-855E-9E22711A7E00}.Release|Any CPU.ActiveCfg = Release|Any CPU
		{4BD42022-B007-4AC8-855E-9E22711A7E00}.Release|Any CPU.Build.0 = Release|Any CPU
	EndGlobalSection
	GlobalSection(SolutionProperties) = preSolution
		HideSolutionNode = FALSE
	EndGlobalSection
	GlobalSection(ExtensibilityGlobals) = postSolution
		SolutionGuid = {FED19D10-7971-4DC3-B67C-0F03C80BBA31}
	EndGlobalSection
EndGlobal
